<?xml version="1.0" encoding="UTF-8" standalone="yes" ?>
<CodeBlocks_project_file>
	<FileVersion major="1" minor="6" />
	<Project>
		<Option title="Stress_test" />
		<Option pch_mode="2" />
		<Option compiler="gcc" />
		<Build>
			<Target title="Debug">
				<Option output="bin/Debug/Stress_test" prefix_auto="1" extension_auto="1" />
				<Option object_output="obj/Debug/" />
				<Option type="1" />
				<Option compiler="gcc" />
				<Compiler>
					<Add option="-std=c++11" />
					<Add option="-g" />
					<Add directory="include" />
				</Compiler>
			</Target>
			<Target title="Release">
				<Option output="bin/Release/Stress_test" prefix_auto="1" extension_auto="1" />
				<Option object_output="obj/Release/" />
				<Option type="1" />
				<Option compiler="gcc" />
				<Compiler>
					<Add option="-O2" />
					<Add directory="include" />
				</Compiler>
				<Linker>
					<Add option="-s" />
				</Linker>
			</Target>
		</Build>
		<Compiler>
			<Add option="-Wall" />
			<Add option="-fexceptions" />
		</Compiler>
		<Unit filename="Stress.cpp" />
		<Unit filename="Stress.h" />
		<Unit filename="Stress_CPU.cpp" />
		<Unit filename="Stress_CPU.h" />
		<Unit filename="Stress_INTERFACE.cpp" />
		<Unit filename="Stress_INTERFACE.h" />
		<Unit filename="Stress_IO.cpp" />
		<Unit filename="Stress_IO.h" />
		<Unit filename="Stress_fichier.cpp" />
		<Unit filename="Stress_fichier.h" />
		<Unit filename="Stress_mem.cpp" />
		<Unit filename="Stress_mem.h" />
		<Unit filename="Stress_proc.cpp" />
		<Unit filename="Stress_proc.h" />
		<Unit filename="Stress_processus.cpp" />
		<Unit filename="Stress_processus.h" />
		<Unit filename="main.cpp" />
		<Extensions>
			<code_completion />
			<debugger />
		</Extensions>
	</Project>
</CodeBlocks_project_file>
